
Microsoft Visual Studio Solution File, Format Version 12.00
# Visual Studio Version 17
VisualStudioVersion = 17.3.32825.248
MinimumVisualStudioVersion = 10.0.40219.1
Project("{9A19103F-16F7-4668-BE54-9A1E7A4F7556}") = "Batches", "BatchBuilder\Batches.csproj", "{939EEBFD-2465-4BE1-A926-DC1D30A74D38}"
EndProject
Project("{9A19103F-16F7-4668-BE54-9A1E7A4F7556}") = "Notifications", "Notifications\Notifications.csproj", "{238E63B5-4C7B-40B1-A9B9-3728FBC2FC5A}"
EndProject
Project("{9A19103F-16F7-4668-BE54-9A1E7A4F7556}") = "Batches.Tests", "Batches.Tests\Batches.Tests.csproj", "{CFA5B4C5-0EA3-4E6E-9B6F-A3F264555511}"
EndProject
Project("{FAE04EC0-301F-11D3-BF4B-00C04F79EFBC}") = "MemoMananger", "MemoMananger\MemoMananger.csproj", "{F185CFDF-0A9C-41E5-96E5-1D6E955A66DE}"
EndProject
Global
	GlobalSection(SolutionConfigurationPlatforms) = preSolution
		Debug|Any CPU = Debug|Any CPU
		Release|Any CPU = Release|Any CPU
	EndGlobalSection
	GlobalSection(ProjectConfigurationPlatforms) = postSolution
		{939EEBFD-2465-4BE1-A926-DC1D30A74D38}.Debug|Any CPU.ActiveCfg = Debug|Any CPU
		{939EEBFD-2465-4BE1-A926-DC1D30A74D38}.Debug|Any CPU.Build.0 = Debug|Any CPU
		{939EEBFD-2465-4BE1-A926-DC1D30A74D38}.Release|Any CPU.ActiveCfg = Release|Any CPU
		{939EEBFD-2465-4BE1-A926-DC1D30A74D38}.Release|Any CPU.Build.0 = Release|Any CPU
		{238E63B5-4C7B-40B1-A9B9-3728FBC2FC5A}.Debug|Any CPU.ActiveCfg = Debug|Any CPU
		{238E63B5-4C7B-40B1-A9B9-3728FBC2FC5A}.Debug|Any CPU.Build.0 = Debug|Any CPU
		{238E63B5-4C7B-40B1-A9B9-3728FBC2FC5A}.Release|Any CPU.ActiveCfg = Release|Any CPU
		{238E63B5-4C7B-40B1-A9B9-3728FBC2FC5A}.Release|Any CPU.Build.0 = Release|Any CPU
		{CFA5B4C5-0EA3-4E6E-9B6F-A3F264555511}.Debug|Any CPU.ActiveCfg = Debug|Any CPU
		{CFA5B4C5-0EA3-4E6E-9B6F-A3F264555511}.Debug|Any CPU.Build.0 = Debug|Any CPU
		{CFA5B4C5-0EA3-4E6E-9B6F-A3F264555511}.Release|Any CPU.ActiveCfg = Release|Any CPU
		{CFA5B4C5-0EA3-4E6E-9B6F-A3F264555511}.Release|Any CPU.Build.0 = Release|Any CPU
		{F185CFDF-0A9C-41E5-96E5-1D6E955A66DE}.Debug|Any CPU.ActiveCfg = Debug|Any CPU
		{F185CFDF-0A9C-41E5-96E5-1D6E955A66DE}.Debug|Any CPU.Build.0 = Debug|Any CPU
		{F185CFDF-0A9C-41E5-96E5-1D6E955A66DE}.Release|Any CPU.ActiveCfg = Release|Any CPU
		{F185CFDF-0A9C-41E5-96E5-1D6E955A66DE}.Release|Any CPU.Build.0 = Release|Any CPU
	EndGlobalSection
	GlobalSection(SolutionProperties) = preSolution
		HideSolutionNode = FALSE
	EndGlobalSection
	GlobalSection(ExtensibilityGlobals) = postSolution
		SolutionGuid = {740F71B2-6146-4680-B09A-2EC4C8D46F87}
	EndGlobalSection
EndGlobal
