
Microsoft Visual Studio Solution File, Format Version 12.00
# Visual Studio Version 17
VisualStudioVersion = 17.3.32825.248
MinimumVisualStudioVersion = 10.0.40219.1
Project("{2150E333-8FDC-42A3-9474-1A3956D46DE8}") = "src", "src", "{2524DB7C-3637-406C-A237-9B7833323A71}"
EndProject
Project("{9A19103F-16F7-4668-BE54-9A1E7A4F7556}") = "Application", "src\Application\Application.csproj", "{9B94BA04-CB52-4732-81B6-64EB5F2E1BBE}"
EndProject
Project("{9A19103F-16F7-4668-BE54-9A1E7A4F7556}") = "Domain", "src\Domain\Domain.csproj", "{05B41A3C-7B74-45D4-BD2D-376CC1C555A6}"
EndProject
Project("{9A19103F-16F7-4668-BE54-9A1E7A4F7556}") = "Infrastructure", "src\Infrastructure\Infrastructure.csproj", "{5C47587A-0438-40EF-BB88-14165C9569F5}"
EndProject
Project("{2150E333-8FDC-42A3-9474-1A3956D46DE8}") = "tests", "tests", "{B0A24A20-FB76-4431-B694-DB3D7703B521}"
EndProject
Project("{9A19103F-16F7-4668-BE54-9A1E7A4F7556}") = "WebUI", "src\WebUI\WebUI.csproj", "{64E53A3E-5A98-491C-B759-E4DCCED9A6E5}"
EndProject
Project("{2150E333-8FDC-42A3-9474-1A3956D46DE8}") = "InstallationManager", "InstallationManager", "{76140D83-F67F-4353-8791-1B476A52C7C5}"
EndProject
Project("{2150E333-8FDC-42A3-9474-1A3956D46DE8}") = "UpdateService", "UpdateService", "{6413A683-3C3F-406F-B4E6-41CB4ECC5579}"
EndProject
Project("{2150E333-8FDC-42A3-9474-1A3956D46DE8}") = "src", "src", "{10ED9602-C47E-4D51-AAD2-112431D772B8}"
EndProject
Project("{2150E333-8FDC-42A3-9474-1A3956D46DE8}") = "tests", "tests", "{2FE97D06-01A7-449F-A001-3CE6229A4637}"
EndProject
Project("{2150E333-8FDC-42A3-9474-1A3956D46DE8}") = "tests", "tests", "{3B674B52-3F6D-4F65-B299-B43FB020BACC}"
EndProject
Project("{9A19103F-16F7-4668-BE54-9A1E7A4F7556}") = "Presentation.WPF", "InstallationManager\src\Presentation.WPF\Presentation.WPF.csproj", "{15F2D751-AD5E-4F85-9029-994619181EFD}"
EndProject
Project("{9A19103F-16F7-4668-BE54-9A1E7A4F7556}") = "Application", "InstallationManager\src\Application\Application.csproj", "{5409B38D-71C2-492A-9F94-BF60AF143360}"
EndProject
Project("{9A19103F-16F7-4668-BE54-9A1E7A4F7556}") = "Domain", "InstallationManager\src\Domain\Domain.csproj", "{80590595-6A51-478D-B2D0-058F6611DF13}"
EndProject
Project("{9A19103F-16F7-4668-BE54-9A1E7A4F7556}") = "Infrastructure", "InstallationManager\src\Infrastructure\Infrastructure.csproj", "{08C1630B-051C-4C9C-B12F-C2445D681354}"
EndProject
Project("{2150E333-8FDC-42A3-9474-1A3956D46DE8}") = "src", "src", "{89ECF4EA-421B-42A2-ABA6-A292B20C04BC}"
EndProject
Project("{FAE04EC0-301F-11D3-BF4B-00C04F79EFBC}") = "UpdateService.Worker", "UpdateService\src\UpdateService.Worker\UpdateService.Worker.csproj", "{17CDEED2-CD1A-48CB-BC9F-594D6E7344AC}"
EndProject
Project("{FAE04EC0-301F-11D3-BF4B-00C04F79EFBC}") = "UpdateService.Core", "UpdateService\src\UpdateService.Core\UpdateService.Core.csproj", "{F494E959-235C-47AE-B4D8-5B5AEE70194A}"
EndProject
Project("{FAE04EC0-301F-11D3-BF4B-00C04F79EFBC}") = "UpdateService.Infrastructure", "UpdateService\src\UpdateService.Infrastructure\UpdateService.Infrastructure.csproj", "{C516234B-A9B5-4D49-9ECB-92D745675DE6}"
EndProject
Project("{FAE04EC0-301F-11D3-BF4B-00C04F79EFBC}") = "UpdateService.Worker.Tests", "UpdateService.Worker.Tests\UpdateService.Worker.Tests.csproj", "{4EA4AD24-6C96-47F0-B654-7B2048053740}"
EndProject
Global
	GlobalSection(SolutionConfigurationPlatforms) = preSolution
		Debug|Any CPU = Debug|Any CPU
		Release|Any CPU = Release|Any CPU
	EndGlobalSection
	GlobalSection(ProjectConfigurationPlatforms) = postSolution
		{9B94BA04-CB52-4732-81B6-64EB5F2E1BBE}.Debug|Any CPU.ActiveCfg = Debug|Any CPU
		{9B94BA04-CB52-4732-81B6-64EB5F2E1BBE}.Debug|Any CPU.Build.0 = Debug|Any CPU
		{9B94BA04-CB52-4732-81B6-64EB5F2E1BBE}.Release|Any CPU.ActiveCfg = Release|Any CPU
		{9B94BA04-CB52-4732-81B6-64EB5F2E1BBE}.Release|Any CPU.Build.0 = Release|Any CPU
		{05B41A3C-7B74-45D4-BD2D-376CC1C555A6}.Debug|Any CPU.ActiveCfg = Debug|Any CPU
		{05B41A3C-7B74-45D4-BD2D-376CC1C555A6}.Debug|Any CPU.Build.0 = Debug|Any CPU
		{05B41A3C-7B74-45D4-BD2D-376CC1C555A6}.Release|Any CPU.ActiveCfg = Release|Any CPU
		{05B41A3C-7B74-45D4-BD2D-376CC1C555A6}.Release|Any CPU.Build.0 = Release|Any CPU
		{5C47587A-0438-40EF-BB88-14165C9569F5}.Debug|Any CPU.ActiveCfg = Debug|Any CPU
		{5C47587A-0438-40EF-BB88-14165C9569F5}.Debug|Any CPU.Build.0 = Debug|Any CPU
		{5C47587A-0438-40EF-BB88-14165C9569F5}.Release|Any CPU.ActiveCfg = Release|Any CPU
		{5C47587A-0438-40EF-BB88-14165C9569F5}.Release|Any CPU.Build.0 = Release|Any CPU
		{64E53A3E-5A98-491C-B759-E4DCCED9A6E5}.Debug|Any CPU.ActiveCfg = Debug|Any CPU
		{64E53A3E-5A98-491C-B759-E4DCCED9A6E5}.Debug|Any CPU.Build.0 = Debug|Any CPU
		{64E53A3E-5A98-491C-B759-E4DCCED9A6E5}.Release|Any CPU.ActiveCfg = Release|Any CPU
		{64E53A3E-5A98-491C-B759-E4DCCED9A6E5}.Release|Any CPU.Build.0 = Release|Any CPU
		{15F2D751-AD5E-4F85-9029-994619181EFD}.Debug|Any CPU.ActiveCfg = Debug|Any CPU
		{15F2D751-AD5E-4F85-9029-994619181EFD}.Debug|Any CPU.Build.0 = Debug|Any CPU
		{15F2D751-AD5E-4F85-9029-994619181EFD}.Release|Any CPU.ActiveCfg = Release|Any CPU
		{15F2D751-AD5E-4F85-9029-994619181EFD}.Release|Any CPU.Build.0 = Release|Any CPU
		{5409B38D-71C2-492A-9F94-BF60AF143360}.Debug|Any CPU.ActiveCfg = Debug|Any CPU
		{5409B38D-71C2-492A-9F94-BF60AF143360}.Debug|Any CPU.Build.0 = Debug|Any CPU
		{5409B38D-71C2-492A-9F94-BF60AF143360}.Release|Any CPU.ActiveCfg = Release|Any CPU
		{5409B38D-71C2-492A-9F94-BF60AF143360}.Release|Any CPU.Build.0 = Release|Any CPU
		{80590595-6A51-478D-B2D0-058F6611DF13}.Debug|Any CPU.ActiveCfg = Debug|Any CPU
		{80590595-6A51-478D-B2D0-058F6611DF13}.Debug|Any CPU.Build.0 = Debug|Any CPU
		{80590595-6A51-478D-B2D0-058F6611DF13}.Release|Any CPU.ActiveCfg = Release|Any CPU
		{80590595-6A51-478D-B2D0-058F6611DF13}.Release|Any CPU.Build.0 = Release|Any CPU
		{08C1630B-051C-4C9C-B12F-C2445D681354}.Debug|Any CPU.ActiveCfg = Debug|Any CPU
		{08C1630B-051C-4C9C-B12F-C2445D681354}.Debug|Any CPU.Build.0 = Debug|Any CPU
		{08C1630B-051C-4C9C-B12F-C2445D681354}.Release|Any CPU.ActiveCfg = Release|Any CPU
		{08C1630B-051C-4C9C-B12F-C2445D681354}.Release|Any CPU.Build.0 = Release|Any CPU
		{17CDEED2-CD1A-48CB-BC9F-594D6E7344AC}.Debug|Any CPU.ActiveCfg = Debug|Any CPU
		{17CDEED2-CD1A-48CB-BC9F-594D6E7344AC}.Debug|Any CPU.Build.0 = Debug|Any CPU
		{17CDEED2-CD1A-48CB-BC9F-594D6E7344AC}.Release|Any CPU.ActiveCfg = Release|Any CPU
		{17CDEED2-CD1A-48CB-BC9F-594D6E7344AC}.Release|Any CPU.Build.0 = Release|Any CPU
		{F494E959-235C-47AE-B4D8-5B5AEE70194A}.Debug|Any CPU.ActiveCfg = Debug|Any CPU
		{F494E959-235C-47AE-B4D8-5B5AEE70194A}.Debug|Any CPU.Build.0 = Debug|Any CPU
		{F494E959-235C-47AE-B4D8-5B5AEE70194A}.Release|Any CPU.ActiveCfg = Release|Any CPU
		{F494E959-235C-47AE-B4D8-5B5AEE70194A}.Release|Any CPU.Build.0 = Release|Any CPU
		{C516234B-A9B5-4D49-9ECB-92D745675DE6}.Debug|Any CPU.ActiveCfg = Debug|Any CPU
		{C516234B-A9B5-4D49-9ECB-92D745675DE6}.Debug|Any CPU.Build.0 = Debug|Any CPU
		{C516234B-A9B5-4D49-9ECB-92D745675DE6}.Release|Any CPU.ActiveCfg = Release|Any CPU
		{C516234B-A9B5-4D49-9ECB-92D745675DE6}.Release|Any CPU.Build.0 = Release|Any CPU
		{4EA4AD24-6C96-47F0-B654-7B2048053740}.Debug|Any CPU.ActiveCfg = Debug|Any CPU
		{4EA4AD24-6C96-47F0-B654-7B2048053740}.Debug|Any CPU.Build.0 = Debug|Any CPU
		{4EA4AD24-6C96-47F0-B654-7B2048053740}.Release|Any CPU.ActiveCfg = Release|Any CPU
		{4EA4AD24-6C96-47F0-B654-7B2048053740}.Release|Any CPU.Build.0 = Release|Any CPU
	EndGlobalSection
	GlobalSection(SolutionProperties) = preSolution
		HideSolutionNode = FALSE
	EndGlobalSection
	GlobalSection(NestedProjects) = preSolution
		{9B94BA04-CB52-4732-81B6-64EB5F2E1BBE} = {2524DB7C-3637-406C-A237-9B7833323A71}
		{05B41A3C-7B74-45D4-BD2D-376CC1C555A6} = {2524DB7C-3637-406C-A237-9B7833323A71}
		{5C47587A-0438-40EF-BB88-14165C9569F5} = {2524DB7C-3637-406C-A237-9B7833323A71}
		{64E53A3E-5A98-491C-B759-E4DCCED9A6E5} = {2524DB7C-3637-406C-A237-9B7833323A71}
		{10ED9602-C47E-4D51-AAD2-112431D772B8} = {76140D83-F67F-4353-8791-1B476A52C7C5}
		{2FE97D06-01A7-449F-A001-3CE6229A4637} = {76140D83-F67F-4353-8791-1B476A52C7C5}
		{3B674B52-3F6D-4F65-B299-B43FB020BACC} = {6413A683-3C3F-406F-B4E6-41CB4ECC5579}
		{15F2D751-AD5E-4F85-9029-994619181EFD} = {10ED9602-C47E-4D51-AAD2-112431D772B8}
		{5409B38D-71C2-492A-9F94-BF60AF143360} = {10ED9602-C47E-4D51-AAD2-112431D772B8}
		{80590595-6A51-478D-B2D0-058F6611DF13} = {10ED9602-C47E-4D51-AAD2-112431D772B8}
		{08C1630B-051C-4C9C-B12F-C2445D681354} = {10ED9602-C47E-4D51-AAD2-112431D772B8}
		{89ECF4EA-421B-42A2-ABA6-A292B20C04BC} = {6413A683-3C3F-406F-B4E6-41CB4ECC5579}
		{17CDEED2-CD1A-48CB-BC9F-594D6E7344AC} = {89ECF4EA-421B-42A2-ABA6-A292B20C04BC}
		{F494E959-235C-47AE-B4D8-5B5AEE70194A} = {89ECF4EA-421B-42A2-ABA6-A292B20C04BC}
		{C516234B-A9B5-4D49-9ECB-92D745675DE6} = {89ECF4EA-421B-42A2-ABA6-A292B20C04BC}
		{4EA4AD24-6C96-47F0-B654-7B2048053740} = {3B674B52-3F6D-4F65-B299-B43FB020BACC}
	EndGlobalSection
	GlobalSection(ExtensibilityGlobals) = postSolution
		SolutionGuid = {740F71B2-6146-4680-B09A-2EC4C8D46F87}
	EndGlobalSection
EndGlobal
